
Microsoft Visual Studio Solution File, Format Version 11.00
# Visual Studio 2010
Project("{FAE04EC0-301F-11D3-BF4B-00C04F79EFBC}") = "CourseMatesWS", "CourseMatesWS\CourseMatesWS.csproj", "{3D2E9CB8-23FD-4EEE-BEAB-A19EBD37F099}"
EndProject
Project("{FAE04EC0-301F-11D3-BF4B-00C04F79EFBC}") = "CourseMate.Web", "CourseMate.Web\CourseMate.Web.csproj", "{65E378A5-5852-4ED5-BAE1-52DA1FFD57E2}"
	ProjectSection(ProjectDependencies) = postProject
		{3D2E9CB8-23FD-4EEE-BEAB-A19EBD37F099} = {3D2E9CB8-23FD-4EEE-BEAB-A19EBD37F099}
	EndProjectSection
EndProject
Project("{FAE04EC0-301F-11D3-BF4B-00C04F79EFBC}") = "NUnitTest", "NUnitTest\NUnitTest.csproj", "{F8FD12B8-6E34-44CD-8F5F-C77681B955ED}"
EndProject
Project("{FAE04EC0-301F-11D3-BF4B-00C04F79EFBC}") = "WCFTester", "WCFTester\WCFTester.csproj", "{1EAEBDE1-F339-4EF0-A0E3-4F08CD949648}"
	ProjectSection(ProjectDependencies) = postProject
		{3D2E9CB8-23FD-4EEE-BEAB-A19EBD37F099} = {3D2E9CB8-23FD-4EEE-BEAB-A19EBD37F099}
	EndProjectSection
EndProject
Global
	GlobalSection(SolutionConfigurationPlatforms) = preSolution
		Debug|Any CPU = Debug|Any CPU
		Debug|Mixed Platforms = Debug|Mixed Platforms
		Debug|x86 = Debug|x86
		Release|Any CPU = Release|Any CPU
		Release|Mixed Platforms = Release|Mixed Platforms
		Release|x86 = Release|x86
	EndGlobalSection
	GlobalSection(ProjectConfigurationPlatforms) = postSolution
		{3D2E9CB8-23FD-4EEE-BEAB-A19EBD37F099}.Debug|Any CPU.ActiveCfg = Debug|Any CPU
		{3D2E9CB8-23FD-4EEE-BEAB-A19EBD37F099}.Debug|Any CPU.Build.0 = Debug|Any CPU
		{3D2E9CB8-23FD-4EEE-BEAB-A19EBD37F099}.Debug|Mixed Platforms.ActiveCfg = Debug|Any CPU
		{3D2E9CB8-23FD-4EEE-BEAB-A19EBD37F099}.Debug|Mixed Platforms.Build.0 = Debug|Any CPU
		{3D2E9CB8-23FD-4EEE-BEAB-A19EBD37F099}.Debug|x86.ActiveCfg = Debug|Any CPU
		{3D2E9CB8-23FD-4EEE-BEAB-A19EBD37F099}.Release|Any CPU.ActiveCfg = Release|Any CPU
		{3D2E9CB8-23FD-4EEE-BEAB-A19EBD37F099}.Release|Any CPU.Build.0 = Release|Any CPU
		{3D2E9CB8-23FD-4EEE-BEAB-A19EBD37F099}.Release|Mixed Platforms.ActiveCfg = Release|Any CPU
		{3D2E9CB8-23FD-4EEE-BEAB-A19EBD37F099}.Release|Mixed Platforms.Build.0 = Release|Any CPU
		{3D2E9CB8-23FD-4EEE-BEAB-A19EBD37F099}.Release|x86.ActiveCfg = Release|Any CPU
		{65E378A5-5852-4ED5-BAE1-52DA1FFD57E2}.Debug|Any CPU.ActiveCfg = Debug|Any CPU
		{65E378A5-5852-4ED5-BAE1-52DA1FFD57E2}.Debug|Any CPU.Build.0 = Debug|Any CPU
		{65E378A5-5852-4ED5-BAE1-52DA1FFD57E2}.Debug|Mixed Platforms.ActiveCfg = Debug|Any CPU
		{65E378A5-5852-4ED5-BAE1-52DA1FFD57E2}.Debug|Mixed Platforms.Build.0 = Debug|Any CPU
		{65E378A5-5852-4ED5-BAE1-52DA1FFD57E2}.Debug|x86.ActiveCfg = Debug|Any CPU
		{65E378A5-5852-4ED5-BAE1-52DA1FFD57E2}.Release|Any CPU.ActiveCfg = Release|Any CPU
		{65E378A5-5852-4ED5-BAE1-52DA1FFD57E2}.Release|Any CPU.Build.0 = Release|Any CPU
		{65E378A5-5852-4ED5-BAE1-52DA1FFD57E2}.Release|Mixed Platforms.ActiveCfg = Release|Any CPU
		{65E378A5-5852-4ED5-BAE1-52DA1FFD57E2}.Release|Mixed Platforms.Build.0 = Release|Any CPU
		{65E378A5-5852-4ED5-BAE1-52DA1FFD57E2}.Release|x86.ActiveCfg = Release|Any CPU
		{F8FD12B8-6E34-44CD-8F5F-C77681B955ED}.Debug|Any CPU.ActiveCfg = Debug|x86
		{F8FD12B8-6E34-44CD-8F5F-C77681B955ED}.Debug|Mixed Platforms.ActiveCfg = Debug|x86
		{F8FD12B8-6E34-44CD-8F5F-C77681B955ED}.Debug|Mixed Platforms.Build.0 = Debug|x86
		{F8FD12B8-6E34-44CD-8F5F-C77681B955ED}.Debug|x86.ActiveCfg = Debug|x86
		{F8FD12B8-6E34-44CD-8F5F-C77681B955ED}.Debug|x86.Build.0 = Debug|x86
		{F8FD12B8-6E34-44CD-8F5F-C77681B955ED}.Release|Any CPU.ActiveCfg = Release|x86
		{F8FD12B8-6E34-44CD-8F5F-C77681B955ED}.Release|Mixed Platforms.ActiveCfg = Release|x86
		{F8FD12B8-6E34-44CD-8F5F-C77681B955ED}.Release|Mixed Platforms.Build.0 = Release|x86
		{F8FD12B8-6E34-44CD-8F5F-C77681B955ED}.Release|x86.ActiveCfg = Release|x86
		{F8FD12B8-6E34-44CD-8F5F-C77681B955ED}.Release|x86.Build.0 = Release|x86
		{1EAEBDE1-F339-4EF0-A0E3-4F08CD949648}.Debug|Any CPU.ActiveCfg = Debug|x86
		{1EAEBDE1-F339-4EF0-A0E3-4F08CD949648}.Debug|Mixed Platforms.ActiveCfg = Debug|x86
		{1EAEBDE1-F339-4EF0-A0E3-4F08CD949648}.Debug|Mixed Platforms.Build.0 = Debug|x86
		{1EAEBDE1-F339-4EF0-A0E3-4F08CD949648}.Debug|x86.ActiveCfg = Debug|x86
		{1EAEBDE1-F339-4EF0-A0E3-4F08CD949648}.Debug|x86.Build.0 = Debug|x86
		{1EAEBDE1-F339-4EF0-A0E3-4F08CD949648}.Release|Any CPU.ActiveCfg = Release|x86
		{1EAEBDE1-F339-4EF0-A0E3-4F08CD949648}.Release|Mixed Platforms.ActiveCfg = Release|x86
		{1EAEBDE1-F339-4EF0-A0E3-4F08CD949648}.Release|Mixed Platforms.Build.0 = Release|x86
		{1EAEBDE1-F339-4EF0-A0E3-4F08CD949648}.Release|x86.ActiveCfg = Release|x86
		{1EAEBDE1-F339-4EF0-A0E3-4F08CD949648}.Release|x86.Build.0 = Release|x86
	EndGlobalSection
	GlobalSection(SolutionProperties) = preSolution
		HideSolutionNode = FALSE
	EndGlobalSection
EndGlobal
